
Microsoft Visual Studio Solution File, Format Version 12.00
# Visual Studio 15
VisualStudioVersion = 15.0.28010.0
MinimumVisualStudioVersion = 10.0.40219.1
Project("{FAE04EC0-301F-11D3-BF4B-00C04F79EFBC}") = "CZ_DA", "CZ_DA\CZ_DA.csproj", "{0A5AA781-C153-4E2F-ABE3-93B3C1A0A801}"
EndProject
Global
	GlobalSection(SolutionConfigurationPlatforms) = preSolution
		Debug|Any CPU = Debug|Any CPU
		Release|Any CPU = Release|Any CPU
	EndGlobalSection
	GlobalSection(ProjectConfigurationPlatforms) = postSolution
		{0A5AA781-C153-4E2F-ABE3-93B3C1A0A801}.Debug|Any CPU.ActiveCfg = Debug|Any CPU
		{0A5AA781-C153-4E2F-ABE3-93B3C1A0A801}.Debug|Any CPU.Build.0 = Debug|Any CPU
		{0A5AA781-C153-4E2F-ABE3-93B3C1A0A801}.Release|Any CPU.ActiveCfg = Release|Any CPU
		{0A5AA781-C153-4E2F-ABE3-93B3C1A0A801}.Release|Any CPU.Build.0 = Release|Any CPU
	EndGlobalSection
	GlobalSection(SolutionProperties) = preSolution
		HideSolutionNode = FALSE
	EndGlobalSection
	GlobalSection(ExtensibilityGlobals) = postSolution
		SolutionGuid = {8305CB44-281F-4FD3-AACF-CAE34B24E625}
	EndGlobalSection
EndGlobal
